{
  "name": "codespaces-nextjs",
  "lockfileVersion": 3,
  "requires": true,
  "packages": {
    "": {
      "dependencies": {
        "@uploadthing/react": "^7.1.5",
        "next": "^14.2.10",
        "react": "^18.2.0",
        "react-dom": "^18.2.0",
        "uploadthing": "^7.4.4"
      },
      "devDependencies": {
        "@types/node": "22.10.5",
        "@types/react": "19.0.4",
        "typescript": "5.7.3"
      }
    },
    "node_modules/@effect/platform": {
      "version": "0.70.7",
      "resolved": "https://registry.npmjs.org/@effect/platform/-/platform-0.70.7.tgz",
      "integrity": "sha512-TbNwj/mOJhycPygbmicGBS7CNtv5Z8WVheRbLUdP3oPAe/nbSOJVLc8ZPvOejhquF/1vJMKuqY5MWfkcBpvi/g==",
      "license": "MIT",
      "dependencies": {
        "find-my-way-ts": "^0.1.5",
        "multipasta": "^0.2.5"
      },
      "peerDependencies": {
        "effect": "^3.11.5"
      }
    },
    "node_modules/@next/env": {
      "version": "14.2.10",
      "resolved": "https://registry.npmjs.org/@next/env/-/env-14.2.10.tgz",
      "integrity": "sha512-dZIu93Bf5LUtluBXIv4woQw2cZVZ2DJTjax5/5DOs3lzEOeKLy7GxRSr4caK9/SCPdaW6bCgpye6+n4Dh9oJPw=="
    },
    "node_modules/@next/swc-darwin-arm64": {
      "version": "14.2.10",
      "resolved": "https://registry.npmjs.org/@next/swc-darwin-arm64/-/swc-darwin-arm64-14.2.10.tgz",
      "integrity": "sha512-V3z10NV+cvMAfxQUMhKgfQnPbjw+Ew3cnr64b0lr8MDiBJs3eLnM6RpGC46nhfMZsiXgQngCJKWGTC/yDcgrDQ==",
      "cpu": [
        "arm64"
      ],
      "optional": true,
      "os": [
        "darwin"
      ],
      "engines": {
        "node": ">= 10"
      }
    },
    "node_modules/@next/swc-darwin-x64": {
      "version": "14.2.10",
      "resolved": "https://registry.npmjs.org/@next/swc-darwin-x64/-/swc-darwin-x64-14.2.10.tgz",
      "integrity": "sha512-Y0TC+FXbFUQ2MQgimJ/7Ina2mXIKhE7F+GUe1SgnzRmwFY3hX2z8nyVCxE82I2RicspdkZnSWMn4oTjIKz4uzA==",
      "cpu": [
        "x64"
      ],
      "optional": true,
      "os": [
        "darwin"
      ],
      "engines": {
        "node": ">= 10"
      }
    },
    "node_modules/@next/swc-linux-arm64-gnu": {
      "version": "14.2.10",
      "resolved": "https://registry.npmjs.org/@next/swc-linux-arm64-gnu/-/swc-linux-arm64-gnu-14.2.10.tgz",
      "integrity": "sha512-ZfQ7yOy5zyskSj9rFpa0Yd7gkrBnJTkYVSya95hX3zeBG9E55Z6OTNPn1j2BTFWvOVVj65C3T+qsjOyVI9DQpA==",
      "cpu": [
        "arm64"
      ],
      "optional": true,
      "os": [
        "linux"
      ],
      "engines": {
        "node": ">= 10"
      }
    },
    "node_modules/@next/swc-linux-arm64-musl": {
      "version": "14.2.10",
      "resolved": "https://registry.npmjs.org/@next/swc-linux-arm64-musl/-/swc-linux-arm64-musl-14.2.10.tgz",
      "integrity": "sha512-n2i5o3y2jpBfXFRxDREr342BGIQCJbdAUi/K4q6Env3aSx8erM9VuKXHw5KNROK9ejFSPf0LhoSkU/ZiNdacpQ==",
      "cpu": [
        "arm64"
      ],
      "optional": true,
      "os": [
        "linux"
      ],
      "engines": {
        "node": ">= 10"
      }
    },
    "node_modules/@next/swc-linux-x64-gnu": {
      "version": "14.2.10",
      "resolved": "https://registry.npmjs.org/@next/swc-linux-x64-gnu/-/swc-linux-x64-gnu-14.2.10.tgz",
      "integrity": "sha512-GXvajAWh2woTT0GKEDlkVhFNxhJS/XdDmrVHrPOA83pLzlGPQnixqxD8u3bBB9oATBKB//5e4vpACnx5Vaxdqg==",
      "cpu": [
        "x64"
      ],
      "optional": true,
      "os": [
        "linux"
      ],
      "engines": {
        "node": ">= 10"
      }
    },
    "node_modules/@next/swc-linux-x64-musl": {
      "version": "14.2.10",
      "resolved": "https://registry.npmjs.org/@next/swc-linux-x64-musl/-/swc-linux-x64-musl-14.2.10.tgz",
      "integrity": "sha512-opFFN5B0SnO+HTz4Wq4HaylXGFV+iHrVxd3YvREUX9K+xfc4ePbRrxqOuPOFjtSuiVouwe6uLeDtabjEIbkmDA==",
      "cpu": [
        "x64"
      ],
      "optional": true,
      "os": [
        "linux"
      ],
      "engines": {
        "node": ">= 10"
      }
    },
    "node_modules/@next/swc-win32-arm64-msvc": {
      "version": "14.2.10",
      "resolved": "https://registry.npmjs.org/@next/swc-win32-arm64-msvc/-/swc-win32-arm64-msvc-14.2.10.tgz",
      "integrity": "sha512-9NUzZuR8WiXTvv+EiU/MXdcQ1XUvFixbLIMNQiVHuzs7ZIFrJDLJDaOF1KaqttoTujpcxljM/RNAOmw1GhPPQQ==",
      "cpu": [
        "arm64"
      ],
      "optional": true,
      "os": [
        "win32"
      ],
      "engines": {
        "node": ">= 10"
      }
    },
    "node_modules/@next/swc-win32-ia32-msvc": {
      "version": "14.2.10",
      "resolved": "https://registry.npmjs.org/@next/swc-win32-ia32-msvc/-/swc-win32-ia32-msvc-14.2.10.tgz",
      "integrity": "sha512-fr3aEbSd1GeW3YUMBkWAu4hcdjZ6g4NBl1uku4gAn661tcxd1bHs1THWYzdsbTRLcCKLjrDZlNp6j2HTfrw+Bg==",
      "cpu": [
        "ia32"
      ],
      "optional": true,
      "os": [
        "win32"
      ],
      "engines": {
        "node": ">= 10"
      }
    },
    "node_modules/@next/swc-win32-x64-msvc": {
      "version": "14.2.10",
      "resolved": "https://registry.npmjs.org/@next/swc-win32-x64-msvc/-/swc-win32-x64-msvc-14.2.10.tgz",
      "integrity": "sha512-UjeVoRGKNL2zfbcQ6fscmgjBAS/inHBh63mjIlfPg/NG8Yn2ztqylXt5qilYb6hoHIwaU2ogHknHWWmahJjgZQ==",
      "cpu": [
        "x64"
      ],
      "optional": true,
      "os": [
        "win32"
      ],
      "engines": {
        "node": ">= 10"
      }
    },
    "node_modules/@standard-schema/spec": {
      "version": "1.0.0-beta.3",
      "resolved": "https://registry.npmjs.org/@standard-schema/spec/-/spec-1.0.0-beta.3.tgz",
      "integrity": "sha512-0ifF3BjA1E8SY9C+nUew8RefNOIq0cDlYALPty4rhUm8Rrl6tCM8hBT4bhGhx7I7iXD0uAgt50lgo8dD73ACMw==",
      "license": "MIT"
    },
    "node_modules/@swc/counter": {
      "version": "0.1.3",
      "resolved": "https://registry.npmjs.org/@swc/counter/-/counter-0.1.3.tgz",
      "integrity": "sha512-e2BR4lsJkkRlKZ/qCHPw9ZaSxc0MVUd7gtbtaB7aMvHeJVYe8sOB8DBZkP2DtISHGSku9sCK6T6cnY0CtXrOCQ=="
    },
    "node_modules/@swc/helpers": {
      "version": "0.5.5",
      "resolved": "https://registry.npmjs.org/@swc/helpers/-/helpers-0.5.5.tgz",
      "integrity": "sha512-KGYxvIOXcceOAbEk4bi/dVLEK9z8sZ0uBB3Il5b1rhfClSpcX0yfRO0KmTkqR2cnQDymwLB+25ZyMzICg/cm/A==",
      "dependencies": {
        "@swc/counter": "^0.1.3",
        "tslib": "^2.4.0"
      }
    },
    "node_modules/@types/node": {
      "version": "22.10.5",
      "resolved": "https://registry.npmjs.org/@types/node/-/node-22.10.5.tgz",
      "integrity": "sha512-F8Q+SeGimwOo86fiovQh8qiXfFEh2/ocYv7tU5pJ3EXMSSxk1Joj5wefpFK2fHTf/N6HKGSxIDBT9f3gCxXPkQ==",
      "dev": true,
      "license": "MIT",
      "dependencies": {
        "undici-types": "~6.20.0"
      }
    },
    "node_modules/@types/react": {
      "version": "19.0.4",
      "resolved": "https://registry.npmjs.org/@types/react/-/react-19.0.4.tgz",
      "integrity": "sha512-3O4QisJDYr1uTUMZHA2YswiQZRq+Pd8D+GdVFYikTutYsTz+QZgWkAPnP7rx9txoI6EXKcPiluMqWPFV3tT9Wg==",
      "dev": true,
      "license": "MIT",
      "dependencies": {
        "csstype": "^3.0.2"
      }
    },
    "node_modules/@uploadthing/mime-types": {
      "version": "0.3.4",
      "resolved": "https://registry.npmjs.org/@uploadthing/mime-types/-/mime-types-0.3.4.tgz",
      "integrity": "sha512-EB0o0a4y++UJFMLqS8LDVhSQgXUllG6t5fwl5cbmOM0Uay8YY5Nc/JjFwzJ8wccdIKz4oYwQW7EOSfUyaMPbfw==",
      "license": "MIT"
    },
    "node_modules/@uploadthing/react": {
      "version": "7.1.5",
      "resolved": "https://registry.npmjs.org/@uploadthing/react/-/react-7.1.5.tgz",
      "integrity": "sha512-D0lP4YnUWw5LFHrLuL+sq26wlul9dGE70G+oOQ+qkM1ZqSeKSGvIdAIOAQUBj2qQi4Re7o0VpF3+3qBF3svN6A==",
      "license": "MIT",
      "dependencies": {
        "@uploadthing/shared": "7.1.5",
        "file-selector": "0.6.0"
      },
      "peerDependencies": {
        "next": "*",
        "react": "^17.0.2 || ^18.0.0 || ^19.0.0",
        "uploadthing": "^7.2.0"
      },
      "peerDependenciesMeta": {
        "next": {
          "optional": true
        }
      }
    },
    "node_modules/@uploadthing/shared": {
      "version": "7.1.5",
      "resolved": "https://registry.npmjs.org/@uploadthing/shared/-/shared-7.1.5.tgz",
      "integrity": "sha512-5ePSiR2CPA5a8gfPqsHpE/uPwGG9iPqhxcFpeLGnEuExPqIi5ZY7upZgpc+6T1gMxwfbP0O5X4043TTNk3q/pA==",
      "license": "MIT",
      "dependencies": {
        "@uploadthing/mime-types": "0.3.4",
        "effect": "3.11.5",
        "sqids": "^0.3.0"
      }
    },
    "node_modules/busboy": {
      "version": "1.6.0",
      "resolved": "https://registry.npmjs.org/busboy/-/busboy-1.6.0.tgz",
      "integrity": "sha512-8SFQbg/0hQ9xy3UNTB0YEnsNBbWfhf7RtnzpL7TkBiTBRfrQ9Fxcnz7VJsleJpyp6rVLvXiuORqjlHi5q+PYuA==",
      "dependencies": {
        "streamsearch": "^1.1.0"
      },
      "engines": {
        "node": ">=10.16.0"
      }
    },
    "node_modules/caniuse-lite": {
      "version": "1.0.30001617",
      "resolved": "https://registry.npmjs.org/caniuse-lite/-/caniuse-lite-1.0.30001617.tgz",
      "integrity": "sha512-mLyjzNI9I+Pix8zwcrpxEbGlfqOkF9kM3ptzmKNw5tizSyYwMe+nGLTqMK9cO+0E+Bh6TsBxNAaHWEM8xwSsmA==",
      "funding": [
        {
          "type": "opencollective",
          "url": "https://opencollective.com/browserslist"
        },
        {
          "type": "tidelift",
          "url": "https://tidelift.com/funding/github/npm/caniuse-lite"
        },
        {
          "type": "github",
          "url": "https://github.com/sponsors/ai"
        }
      ]
    },
    "node_modules/client-only": {
      "version": "0.0.1",
      "resolved": "https://registry.npmjs.org/client-only/-/client-only-0.0.1.tgz",
      "integrity": "sha512-IV3Ou0jSMzZrd3pZ48nLkT9DA7Ag1pnPzaiQhpW7c3RbcqqzvzzVu+L8gfqMp/8IM2MQtSiqaCxrrcfu8I8rMA=="
    },
    "node_modules/csstype": {
      "version": "3.1.3",
      "resolved": "https://registry.npmjs.org/csstype/-/csstype-3.1.3.tgz",
      "integrity": "sha512-M1uQkMl8rQK/szD0LNhtqxIPLpimGm8sOBwU7lLnCpSbTyY3yeU1Vc7l4KT5zT4s/yOxHH5O7tIuuLOCnLADRw==",
      "dev": true,
      "license": "MIT"
    },
    "node_modules/effect": {
      "version": "3.11.5",
      "resolved": "https://registry.npmjs.org/effect/-/effect-3.11.5.tgz",
      "integrity": "sha512-oSzaR/S/2A/qDTnDqMWxQUNSjCG2sRLB4NEvTu+l9RqE122MTgKXOWzw0x4MHsdovRTzAihfkpgBj2aLFnH2+w==",
      "license": "MIT",
      "dependencies": {
        "fast-check": "^3.21.0"
      }
    },
    "node_modules/fast-check": {
      "version": "3.23.2",
      "resolved": "https://registry.npmjs.org/fast-check/-/fast-check-3.23.2.tgz",
      "integrity": "sha512-h5+1OzzfCC3Ef7VbtKdcv7zsstUQwUDlYpUTvjeUsJAssPgLn7QzbboPtL5ro04Mq0rPOsMzl7q5hIbRs2wD1A==",
      "funding": [
        {
          "type": "individual",
          "url": "https://github.com/sponsors/dubzzz"
        },
        {
          "type": "opencollective",
          "url": "https://opencollective.com/fast-check"
        }
      ],
      "license": "MIT",
      "dependencies": {
        "pure-rand": "^6.1.0"
      },
      "engines": {
        "node": ">=8.0.0"
      }
    },
    "node_modules/file-selector": {
      "version": "0.6.0",
      "resolved": "https://registry.npmjs.org/file-selector/-/file-selector-0.6.0.tgz",
      "integrity": "sha512-QlZ5yJC0VxHxQQsQhXvBaC7VRJ2uaxTf+Tfpu4Z/OcVQJVpZO+DGU0rkoVW5ce2SccxugvpBJoMvUs59iILYdw==",
      "license": "MIT",
      "dependencies": {
        "tslib": "^2.4.0"
      },
      "engines": {
        "node": ">= 12"
      }
    },
    "node_modules/find-my-way-ts": {
      "version": "0.1.5",
      "resolved": "https://registry.npmjs.org/find-my-way-ts/-/find-my-way-ts-0.1.5.tgz",
      "integrity": "sha512-4GOTMrpGQVzsCH2ruUn2vmwzV/02zF4q+ybhCIrw/Rkt3L8KWcycdC6aJMctJzwN4fXD4SD5F/4B9Sksh5rE0A==",
      "license": "MIT"
    },
    "node_modules/graceful-fs": {
      "version": "4.2.11",
      "resolved": "https://registry.npmjs.org/graceful-fs/-/graceful-fs-4.2.11.tgz",
      "integrity": "sha512-RbJ5/jmFcNNCcDV5o9eTnBLJ/HszWV0P73bc+Ff4nS/rJj+YaS6IGyiOL0VoBYX+l1Wrl3k63h/KrH+nhJ0XvQ=="
    },
    "node_modules/js-tokens": {
      "version": "4.0.0",
      "resolved": "https://registry.npmjs.org/js-tokens/-/js-tokens-4.0.0.tgz",
      "integrity": "sha512-RdJUflcE3cUzKiMqQgsCu06FPu9UdIJO0beYbPhHN4k6apgJtifcoCtT9bcxOpYBtpD2kCM6Sbzg4CausW/PKQ=="
    },
    "node_modules/loose-envify": {
      "version": "1.4.0",
      "resolved": "https://registry.npmjs.org/loose-envify/-/loose-envify-1.4.0.tgz",
      "integrity": "sha512-lyuxPGr/Wfhrlem2CL/UcnUc1zcqKAImBDzukY7Y5F/yQiNdko6+fRLevlw1HgMySw7f611UIY408EtxRSoK3Q==",
      "dependencies": {
        "js-tokens": "^3.0.0 || ^4.0.0"
      },
      "bin": {
        "loose-envify": "cli.js"
      }
    },
    "node_modules/multipasta": {
      "version": "0.2.5",
      "resolved": "https://registry.npmjs.org/multipasta/-/multipasta-0.2.5.tgz",
      "integrity": "sha512-c8eMDb1WwZcE02WVjHoOmUVk7fnKU/RmUcosHACglrWAuPQsEJv+E8430sXj6jNc1jHw0zrS16aCjQh4BcEb4A==",
      "license": "MIT"
    },
    "node_modules/nanoid": {
      "version": "3.3.6",
      "resolved": "https://registry.npmjs.org/nanoid/-/nanoid-3.3.6.tgz",
      "integrity": "sha512-BGcqMMJuToF7i1rt+2PWSNVnWIkGCU78jBG3RxO/bZlnZPK2Cmi2QaffxGO/2RvWi9sL+FAiRiXMgsyxQ1DIDA==",
      "funding": [
        {
          "type": "github",
          "url": "https://github.com/sponsors/ai"
        }
      ],
      "bin": {
        "nanoid": "bin/nanoid.cjs"
      },
      "engines": {
        "node": "^10 || ^12 || ^13.7 || ^14 || >=15.0.1"
      }
    },
    "node_modules/next": {
      "version": "14.2.10",
      "resolved": "https://registry.npmjs.org/next/-/next-14.2.10.tgz",
      "integrity": "sha512-sDDExXnh33cY3RkS9JuFEKaS4HmlWmDKP1VJioucCG6z5KuA008DPsDZOzi8UfqEk3Ii+2NCQSJrfbEWtZZfww==",
      "dependencies": {
        "@next/env": "14.2.10",
        "@swc/helpers": "0.5.5",
        "busboy": "1.6.0",
        "caniuse-lite": "^1.0.30001579",
        "graceful-fs": "^4.2.11",
        "postcss": "8.4.31",
        "styled-jsx": "5.1.1"
      },
      "bin": {
        "next": "dist/bin/next"
      },
      "engines": {
        "node": ">=18.17.0"
      },
      "optionalDependencies": {
        "@next/swc-darwin-arm64": "14.2.10",
        "@next/swc-darwin-x64": "14.2.10",
        "@next/swc-linux-arm64-gnu": "14.2.10",
        "@next/swc-linux-arm64-musl": "14.2.10",
        "@next/swc-linux-x64-gnu": "14.2.10",
        "@next/swc-linux-x64-musl": "14.2.10",
        "@next/swc-win32-arm64-msvc": "14.2.10",
        "@next/swc-win32-ia32-msvc": "14.2.10",
        "@next/swc-win32-x64-msvc": "14.2.10"
      },
      "peerDependencies": {
        "@opentelemetry/api": "^1.1.0",
        "@playwright/test": "^1.41.2",
        "react": "^18.2.0",
        "react-dom": "^18.2.0",
        "sass": "^1.3.0"
      },
      "peerDependenciesMeta": {
        "@opentelemetry/api": {
          "optional": true
        },
        "@playwright/test": {
          "optional": true
        },
        "sass": {
          "optional": true
        }
      }
    },
    "node_modules/picocolors": {
      "version": "1.0.0",
      "resolved": "https://registry.npmjs.org/picocolors/-/picocolors-1.0.0.tgz",
      "integrity": "sha512-1fygroTLlHu66zi26VoTDv8yRgm0Fccecssto+MhsZ0D/DGW2sm8E8AjW7NU5VVTRt5GxbeZ5qBuJr+HyLYkjQ=="
    },
    "node_modules/postcss": {
      "version": "8.4.31",
      "resolved": "https://registry.npmjs.org/postcss/-/postcss-8.4.31.tgz",
      "integrity": "sha512-PS08Iboia9mts/2ygV3eLpY5ghnUcfLV/EXTOW1E2qYxJKGGBUtNjN76FYHnMs36RmARn41bC0AZmn+rR0OVpQ==",
      "funding": [
        {
          "type": "opencollective",
          "url": "https://opencollective.com/postcss/"
        },
        {
          "type": "tidelift",
          "url": "https://tidelift.com/funding/github/npm/postcss"
        },
        {
          "type": "github",
          "url": "https://github.com/sponsors/ai"
        }
      ],
      "dependencies": {
        "nanoid": "^3.3.6",
        "picocolors": "^1.0.0",
        "source-map-js": "^1.0.2"
      },
      "engines": {
        "node": "^10 || ^12 || >=14"
      }
    },
    "node_modules/pure-rand": {
      "version": "6.1.0",
      "resolved": "https://registry.npmjs.org/pure-rand/-/pure-rand-6.1.0.tgz",
      "integrity": "sha512-bVWawvoZoBYpp6yIoQtQXHZjmz35RSVHnUOTefl8Vcjr8snTPY1wnpSPMWekcFwbxI6gtmT7rSYPFvz71ldiOA==",
      "funding": [
        {
          "type": "individual",
          "url": "https://github.com/sponsors/dubzzz"
        },
        {
          "type": "opencollective",
          "url": "https://opencollective.com/fast-check"
        }
      ],
      "license": "MIT"
    },
    "node_modules/react": {
      "version": "18.2.0",
      "resolved": "https://registry.npmjs.org/react/-/react-18.2.0.tgz",
      "integrity": "sha512-/3IjMdb2L9QbBdWiW5e3P2/npwMBaU9mHCSCUzNln0ZCYbcfTsGbTJrU/kGemdH2IWmB2ioZ+zkxtmq6g09fGQ==",
      "dependencies": {
        "loose-envify": "^1.1.0"
      },
      "engines": {
        "node": ">=0.10.0"
      }
    },
    "node_modules/react-dom": {
      "version": "18.2.0",
      "resolved": "https://registry.npmjs.org/react-dom/-/react-dom-18.2.0.tgz",
      "integrity": "sha512-6IMTriUmvsjHUjNtEDudZfuDQUoWXVxKHhlEGSk81n4YFS+r/Kl99wXiwlVXtPBtJenozv2P+hxDsw9eA7Xo6g==",
      "dependencies": {
        "loose-envify": "^1.1.0",
        "scheduler": "^0.23.0"
      },
      "peerDependencies": {
        "react": "^18.2.0"
      }
    },
    "node_modules/scheduler": {
      "version": "0.23.0",
      "resolved": "https://registry.npmjs.org/scheduler/-/scheduler-0.23.0.tgz",
      "integrity": "sha512-CtuThmgHNg7zIZWAXi3AsyIzA3n4xx7aNyjwC2VJldO2LMVDhFK+63xGqq6CsJH4rTAt6/M+N4GhZiDYPx9eUw==",
      "dependencies": {
        "loose-envify": "^1.1.0"
      }
    },
    "node_modules/source-map-js": {
      "version": "1.0.2",
      "resolved": "https://registry.npmjs.org/source-map-js/-/source-map-js-1.0.2.tgz",
      "integrity": "sha512-R0XvVJ9WusLiqTCEiGCmICCMplcCkIwwR11mOSD9CR5u+IXYdiseeEuXCVAjS54zqwkLcPNnmU4OeJ6tUrWhDw==",
      "engines": {
        "node": ">=0.10.0"
      }
    },
    "node_modules/sqids": {
      "version": "0.3.0",
      "resolved": "https://registry.npmjs.org/sqids/-/sqids-0.3.0.tgz",
      "integrity": "sha512-lOQK1ucVg+W6n3FhRwwSeUijxe93b51Bfz5PMRMihVf1iVkl82ePQG7V5vwrhzB11v0NtsR25PSZRGiSomJaJw==",
      "license": "MIT"
    },
    "node_modules/streamsearch": {
      "version": "1.1.0",
      "resolved": "https://registry.npmjs.org/streamsearch/-/streamsearch-1.1.0.tgz",
      "integrity": "sha512-Mcc5wHehp9aXz1ax6bZUyY5afg9u2rv5cqQI3mRrYkGC8rW2hM02jWuwjtL++LS5qinSyhj2QfLyNsuc+VsExg==",
      "engines": {
        "node": ">=10.0.0"
      }
    },
    "node_modules/styled-jsx": {
      "version": "5.1.1",
      "resolved": "https://registry.npmjs.org/styled-jsx/-/styled-jsx-5.1.1.tgz",
      "integrity": "sha512-pW7uC1l4mBZ8ugbiZrcIsiIvVx1UmTfw7UkC3Um2tmfUq9Bhk8IiyEIPl6F8agHgjzku6j0xQEZbfA5uSgSaCw==",
      "dependencies": {
        "client-only": "0.0.1"
      },
      "engines": {
        "node": ">= 12.0.0"
      },
      "peerDependencies": {
        "react": ">= 16.8.0 || 17.x.x || ^18.0.0-0"
      },
      "peerDependenciesMeta": {
        "@babel/core": {
          "optional": true
        },
        "babel-plugin-macros": {
          "optional": true
        }
      }
    },
    "node_modules/tslib": {
      "version": "2.7.0",
      "resolved": "https://registry.npmjs.org/tslib/-/tslib-2.7.0.tgz",
      "integrity": "sha512-gLXCKdN1/j47AiHiOkJN69hJmcbGTHI0ImLmbYLHykhgeN0jVGola9yVjFgzCUklsZQMW55o+dW7IXv3RCXDzA=="
    },
    "node_modules/typescript": {
      "version": "5.7.3",
      "resolved": "https://registry.npmjs.org/typescript/-/typescript-5.7.3.tgz",
      "integrity": "sha512-84MVSjMEHP+FQRPy3pX9sTVV/INIex71s9TL2Gm5FG/WG1SqXeKyZ0k7/blY/4FdOzI12CBy1vGc4og/eus0fw==",
      "dev": true,
      "license": "Apache-2.0",
      "bin": {
        "tsc": "bin/tsc",
        "tsserver": "bin/tsserver"
      },
      "engines": {
        "node": ">=14.17"
      }
    },
    "node_modules/undici-types": {
      "version": "6.20.0",
      "resolved": "https://registry.npmjs.org/undici-types/-/undici-types-6.20.0.tgz",
      "integrity": "sha512-Ny6QZ2Nju20vw1SRHe3d9jVu6gJ+4e3+MMpqu7pqE5HT6WsTSlce++GQmK5UXS8mzV8DSYHrQH+Xrf2jVcuKNg==",
      "dev": true,
      "license": "MIT"
    },
    "node_modules/uploadthing": {
      "version": "7.4.4",
      "resolved": "https://registry.npmjs.org/uploadthing/-/uploadthing-7.4.4.tgz",
      "integrity": "sha512-dgV8LqaKrXSnpDkqzzLbVEmIubMPi8a5bRtIzM+rG5EbZpIZyOG0bByLxdSlkSbK5L6F+HbIGX5eDkLPFNL8dg==",
      "license": "MIT",
      "dependencies": {
        "@effect/platform": "0.70.7",
        "@standard-schema/spec": "1.0.0-beta.3",
        "@uploadthing/mime-types": "0.3.4",
        "@uploadthing/shared": "7.1.5",
        "effect": "3.11.5"
      },
      "engines": {
        "node": ">=18.13.0"
      },
      "peerDependencies": {
        "express": "*",
        "h3": "*",
        "tailwindcss": "^3.0.0 || ^4.0.0-beta.0"
      },
      "peerDependenciesMeta": {
        "express": {
          "optional": true
        },
        "fastify": {
          "optional": true
        },
        "h3": {
          "optional": true
        },
        "next": {
          "optional": true
        },
        "tailwindcss": {
          "optional": true
        }
      }
    }
  }
}
